Microsoft Visual Studio Solution File, Format Version 12.00
# Visual Studio 15
VisualStudioVersion = 15.0.26228.4
MinimumVisualStudioVersion = 15.0.26124.0
Project("{13B669BE-BB05-4DDF-9536-439F39A36129}") = "WebApi", "WebApi\WebApi.csproj", "{1A94A1EF-5F51-4F79-AE8D-7923A1B8F7C1}"
EndProject
Project("{13B669BE-BB05-4DDF-9536-439F39A36129}") = "WebApi.Tests", "WebApi.Tests\WebApi.Tests.csproj", "{817300FA-A2BC-4785-8C79-3FF44A271E08}"
EndProject
Global
	GlobalSection(SolutionConfigurationPlatforms) = preSolution
		Debug|Any CPU = Debug|Any CPU
		Debug|x64 = Debug|x64
		Debug|x86 = Debug|x86
		Release|Any CPU = Release|Any CPU
		Release|x64 = Release|x64
		Release|x86 = Release|x86
	EndGlobalSection
	GlobalSection(ProjectConfigurationPlatforms) = postSolution
		{1A94A1EF-5F51-4F79-AE8D-7923A1B8F7C1}.Debug|Any CPU.ActiveCfg = Debug|Any CPU
		{1A94A1EF-5F51-4F79-AE8D-7923A1B8F7C1}.Debug|Any CPU.Build.0 = Debug|Any CPU
		{1A94A1EF-5F51-4F79-AE8D-7923A1B8F7C1}.Debug|x64.ActiveCfg = Debug|Any CPU
		{1A94A1EF-5F51-4F79-AE8D-7923A1B8F7C1}.Debug|x64.Build.0 = Debug|Any CPU
		{1A94A1EF-5F51-4F79-AE8D-7923A1B8F7C1}.Debug|x86.ActiveCfg = Debug|Any CPU
		{1A94A1EF-5F51-4F79-AE8D-7923A1B8F7C1}.Debug|x86.Build.0 = Debug|Any CPU
		{1A94A1EF-5F51-4F79-AE8D-7923A1B8F7C1}.Release|Any CPU.ActiveCfg = Release|Any CPU
		{1A94A1EF-5F51-4F79-AE8D-7923A1B8F7C1}.Release|Any CPU.Build.0 = Release|Any CPU
		{1A94A1EF-5F51-4F79-AE8D-7923A1B8F7C1}.Release|x64.ActiveCfg = Release|Any CPU
		{1A94A1EF-5F51-4F79-AE8D-7923A1B8F7C1}.Release|x64.Build.0 = Release|Any CPU
		{1A94A1EF-5F51-4F79-AE8D-7923A1B8F7C1}.Release|x86.ActiveCfg = Release|Any CPU
		{1A94A1EF-5F51-4F79-AE8D-7923A1B8F7C1}.Release|x86.Build.0 = Release|Any CPU
		{817300FA-A2BC-4785-8C79-3FF44A271E08}.Debug|Any CPU.ActiveCfg = Debug|Any CPU
		{817300FA-A2BC-4785-8C79-3FF44A271E08}.Debug|Any CPU.Build.0 = Debug|Any CPU
		{817300FA-A2BC-4785-8C79-3FF44A271E08}.Debug|x64.ActiveCfg = Debug|Any CPU
		{817300FA-A2BC-4785-8C79-3FF44A271E08}.Debug|x64.Build.0 = Debug|Any CPU
		{817300FA-A2BC-4785-8C79-3FF44A271E08}.Debug|x86.ActiveCfg = Debug|Any CPU
		{817300FA-A2BC-4785-8C79-3FF44A271E08}.Debug|x86.Build.0 = Debug|Any CPU
		{817300FA-A2BC-4785-8C79-3FF44A271E08}.Release|Any CPU.ActiveCfg = Release|Any CPU
		{817300FA-A2BC-4785-8C79-3FF44A271E08}.Release|Any CPU.Build.0 = Release|Any CPU
		{817300FA-A2BC-4785-8C79-3FF44A271E08}.Release|x64.ActiveCfg = Release|Any CPU
		{817300FA-A2BC-4785-8C79-3FF44A271E08}.Release|x64.Build.0 = Release|Any CPU
		{817300FA-A2BC-4785-8C79-3FF44A271E08}.Release|x86.ActiveCfg = Release|Any CPU
		{817300FA-A2BC-4785-8C79-3FF44A271E08}.Release|x86.Build.0 = Release|Any CPU
	EndGlobalSection
	GlobalSection(SolutionProperties) = preSolution
		HideSolutionNode = FALSE
	EndGlobalSection
EndGlobal
